Microsoft Visual Studio Solution File, Format Version 12.00
# Visual Studio Version 17
VisualStudioVersion = 17.5.2.0
MinimumVisualStudioVersion = 10.0.40219.1
Project("{2150E333-8FDC-42A3-9474-1A3956D46DE8}") = "Assignment1", "Assignment1", "{30058A4A-2377-4856-4EFF-8268239A08B0}"
EndProject
Project("{FAE04EC0-301F-11D3-BF4B-00C04F79EFBC}") = "WebApi", "Assignment1\WebApi\WebApi.csproj", "{B772C637-2B41-0719-D048-8D6A378DD7B1}"
EndProject
Global
	GlobalSection(SolutionConfigurationPlatforms) = preSolution
		Debug|Any CPU = Debug|Any CPU
		Release|Any CPU = Release|Any CPU
	EndGlobalSection
	GlobalSection(ProjectConfigurationPlatforms) = postSolution
		{B772C637-2B41-0719-D048-8D6A378DD7B1}.Debug|Any CPU.ActiveCfg = Debug|Any CPU
		{B772C637-2B41-0719-D048-8D6A378DD7B1}.Debug|Any CPU.Build.0 = Debug|Any CPU
		{B772C637-2B41-0719-D048-8D6A378DD7B1}.Release|Any CPU.ActiveCfg = Release|Any CPU
		{B772C637-2B41-0719-D048-8D6A378DD7B1}.Release|Any CPU.Build.0 = Release|Any CPU
	EndGlobalSection
	GlobalSection(SolutionProperties) = preSolution
		HideSolutionNode = FALSE
	EndGlobalSection
	GlobalSection(NestedProjects) = preSolution
		{B772C637-2B41-0719-D048-8D6A378DD7B1} = {30058A4A-2377-4856-4EFF-8268239A08B0}
	EndGlobalSection
	GlobalSection(ExtensibilityGlobals) = postSolution
		SolutionGuid = {D2D5B748-BCB7-4DC5-88D7-7C59324B2E1B}
	EndGlobalSection
EndGlobal
